
Microsoft Visual Studio Solution File, Format Version 12.00
# Visual Studio Version 16
VisualStudioVersion = 16.0.30804.86
MinimumVisualStudioVersion = 10.0.40219.1
Project("{9A19103F-16F7-4668-BE54-9A1E7A4F7556}") = "Kodlama_Io", "Kodlama_Io\Kodlama_Io.csproj", "{7B9CF4C8-DFD9-42CF-A2E0-3B0650D51401}"
EndProject
Project("{9A19103F-16F7-4668-BE54-9A1E7A4F7556}") = "ClassIntro", "ClassIntro\ClassIntro.csproj", "{F5C071F6-12ED-488E-8CB5-602F0DEEED5D}"
EndProject
Project("{9A19103F-16F7-4668-BE54-9A1E7A4F7556}") = "Methods", "Methods\Methods.csproj", "{D19BA215-EF24-4E3B-869C-8BFB206F9472}"
EndProject
Project("{9A19103F-16F7-4668-BE54-9A1E7A4F7556}") = "Oop1", "Oop1\Oop1.csproj", "{FF00CE86-4841-4462-9F89-819CFC9281B0}"
EndProject
Project("{FAE04EC0-301F-11D3-BF4B-00C04F79EFBC}") = "Collections", "Collections\Collections.csproj", "{AE124333-DDB5-460C-AB50-D6D7BB0F77B2}"
EndProject
Project("{FAE04EC0-301F-11D3-BF4B-00C04F79EFBC}") = "GenericsIntro", "GenericsIntro\GenericsIntro.csproj", "{A86E1F35-B661-48C1-BCD4-03AF6643B573}"
EndProject
Global
	GlobalSection(SolutionConfigurationPlatforms) = preSolution
		Debug|Any CPU = Debug|Any CPU
		Release|Any CPU = Release|Any CPU
	EndGlobalSection
	GlobalSection(ProjectConfigurationPlatforms) = postSolution
		{7B9CF4C8-DFD9-42CF-A2E0-3B0650D51401}.Debug|Any CPU.ActiveCfg = Debug|Any CPU
		{7B9CF4C8-DFD9-42CF-A2E0-3B0650D51401}.Debug|Any CPU.Build.0 = Debug|Any CPU
		{7B9CF4C8-DFD9-42CF-A2E0-3B0650D51401}.Release|Any CPU.ActiveCfg = Release|Any CPU
		{7B9CF4C8-DFD9-42CF-A2E0-3B0650D51401}.Release|Any CPU.Build.0 = Release|Any CPU
		{F5C071F6-12ED-488E-8CB5-602F0DEEED5D}.Debug|Any CPU.ActiveCfg = Debug|Any CPU
		{F5C071F6-12ED-488E-8CB5-602F0DEEED5D}.Debug|Any CPU.Build.0 = Debug|Any CPU
		{F5C071F6-12ED-488E-8CB5-602F0DEEED5D}.Release|Any CPU.ActiveCfg = Release|Any CPU
		{F5C071F6-12ED-488E-8CB5-602F0DEEED5D}.Release|Any CPU.Build.0 = Release|Any CPU
		{D19BA215-EF24-4E3B-869C-8BFB206F9472}.Debug|Any CPU.ActiveCfg = Debug|Any CPU
		{D19BA215-EF24-4E3B-869C-8BFB206F9472}.Debug|Any CPU.Build.0 = Debug|Any CPU
		{D19BA215-EF24-4E3B-869C-8BFB206F9472}.Release|Any CPU.ActiveCfg = Release|Any CPU
		{D19BA215-EF24-4E3B-869C-8BFB206F9472}.Release|Any CPU.Build.0 = Release|Any CPU
		{FF00CE86-4841-4462-9F89-819CFC9281B0}.Debug|Any CPU.ActiveCfg = Debug|Any CPU
		{FF00CE86-4841-4462-9F89-819CFC9281B0}.Debug|Any CPU.Build.0 = Debug|Any CPU
		{FF00CE86-4841-4462-9F89-819CFC9281B0}.Release|Any CPU.ActiveCfg = Release|Any CPU
		{FF00CE86-4841-4462-9F89-819CFC9281B0}.Release|Any CPU.Build.0 = Release|Any CPU
		{AE124333-DDB5-460C-AB50-D6D7BB0F77B2}.Debug|Any CPU.ActiveCfg = Debug|Any CPU
		{AE124333-DDB5-460C-AB50-D6D7BB0F77B2}.Debug|Any CPU.Build.0 = Debug|Any CPU
		{AE124333-DDB5-460C-AB50-D6D7BB0F77B2}.Release|Any CPU.ActiveCfg = Release|Any CPU
		{AE124333-DDB5-460C-AB50-D6D7BB0F77B2}.Release|Any CPU.Build.0 = Release|Any CPU
		{A86E1F35-B661-48C1-BCD4-03AF6643B573}.Debug|Any CPU.ActiveCfg = Debug|Any CPU
		{A86E1F35-B661-48C1-BCD4-03AF6643B573}.Debug|Any CPU.Build.0 = Debug|Any CPU
		{A86E1F35-B661-48C1-BCD4-03AF6643B573}.Release|Any CPU.ActiveCfg = Release|Any CPU
		{A86E1F35-B661-48C1-BCD4-03AF6643B573}.Release|Any CPU.Build.0 = Release|Any CPU
	EndGlobalSection
	GlobalSection(SolutionProperties) = preSolution
		HideSolutionNode = FALSE
	EndGlobalSection
	GlobalSection(ExtensibilityGlobals) = postSolution
		SolutionGuid = {78102DFF-1EC8-445F-8FE7-89CA1DBCA66D}
	EndGlobalSection
EndGlobal
